
Microsoft Visual Studio Solution File, Format Version 12.00
# Visual Studio 15
VisualStudioVersion = 15.0.27703.2018
MinimumVisualStudioVersion = 10.0.40219.1
Project("{FAE04EC0-301F-11D3-BF4B-00C04F79EFBC}") = "qsreload_noargs", "qsreload_noargs\qsreload_noargs.csproj", "{688FE765-7031-43C8-B2FE-2F2B10E8F1AD}"
EndProject
Global
	GlobalSection(SolutionConfigurationPlatforms) = preSolution
		Debug|Any CPU = Debug|Any CPU
		Release|Any CPU = Release|Any CPU
	EndGlobalSection
	GlobalSection(ProjectConfigurationPlatforms) = postSolution
		{688FE765-7031-43C8-B2FE-2F2B10E8F1AD}.Debug|Any CPU.ActiveCfg = Debug|Any CPU
		{688FE765-7031-43C8-B2FE-2F2B10E8F1AD}.Debug|Any CPU.Build.0 = Debug|Any CPU
		{688FE765-7031-43C8-B2FE-2F2B10E8F1AD}.Release|Any CPU.ActiveCfg = Release|Any CPU
		{688FE765-7031-43C8-B2FE-2F2B10E8F1AD}.Release|Any CPU.Build.0 = Release|Any CPU
	EndGlobalSection
	GlobalSection(SolutionProperties) = preSolution
		HideSolutionNode = FALSE
	EndGlobalSection
	GlobalSection(ExtensibilityGlobals) = postSolution
		SolutionGuid = {BA18E176-590D-48D1-9D59-A2A2D6059D98}
	EndGlobalSection
EndGlobal
